
Microsoft Visual Studio Solution File, Format Version 12.00
# Visual Studio 15
VisualStudioVersion = 15.0.28307.421
MinimumVisualStudioVersion = 10.0.40219.1
Project("{FAE04EC0-301F-11D3-BF4B-00C04F79EFBC}") = "RomanNumeralsSecond", "RomanNumeralsSecond\RomanNumeralsSecond.csproj", "{571810E4-394F-4AC8-B419-639CA0FF5F6D}"
EndProject
Global
	GlobalSection(SolutionConfigurationPlatforms) = preSolution
		Debug|Any CPU = Debug|Any CPU
		Release|Any CPU = Release|Any CPU
	EndGlobalSection
	GlobalSection(ProjectConfigurationPlatforms) = postSolution
		{571810E4-394F-4AC8-B419-639CA0FF5F6D}.Debug|Any CPU.ActiveCfg = Debug|Any CPU
		{571810E4-394F-4AC8-B419-639CA0FF5F6D}.Debug|Any CPU.Build.0 = Debug|Any CPU
		{571810E4-394F-4AC8-B419-639CA0FF5F6D}.Release|Any CPU.ActiveCfg = Release|Any CPU
		{571810E4-394F-4AC8-B419-639CA0FF5F6D}.Release|Any CPU.Build.0 = Release|Any CPU
	EndGlobalSection
	GlobalSection(SolutionProperties) = preSolution
		HideSolutionNode = FALSE
	EndGlobalSection
	GlobalSection(ExtensibilityGlobals) = postSolution
		SolutionGuid = {43EF68BC-6188-4E5D-8A69-E438186B2FD1}
	EndGlobalSection
EndGlobal
